
Microsoft Visual Studio Solution File, Format Version 12.00
# Visual Studio Version 17
VisualStudioVersion = 17.5.2.0
MinimumVisualStudioVersion = 10.0.40219.1
Project("{9A19103F-16F7-4668-BE54-9A1E7A4F7556}") = "DeploymentArtifacts", "DeploymentArtifacts.csproj", "{94975981-AC72-4A0A-B89A-6CE509A84111}"
EndProject
Project("{FAE04EC0-301F-11D3-BF4B-00C04F79EFBC}") = "MemoryTester", "..\UtilityApps\CXOAI\MemoryTester\MemoryTester.csproj", "{41032C8B-B4A2-4037-9CFC-9812D67534FC}"
EndProject
Project("{FAE04EC0-301F-11D3-BF4B-00C04F79EFBC}") = "MemoryService", "..\Common\Services\MemoryService\MemoryService.csproj", "{0AE4ED61-6A4A-461A-91BE-616F2D3C81D7}"
EndProject
Project("{FAE04EC0-301F-11D3-BF4B-00C04F79EFBC}") = "Providers", "..\Common\Providers\Provider\Providers.csproj", "{F18A8B7A-92C0-45BD-8837-1B76F355FC8D}"
EndProject
Project("{FAE04EC0-301F-11D3-BF4B-00C04F79EFBC}") = "InfraService", "..\Common\Services\InfraService\InfraService.csproj", "{F4A74AE8-9F79-4E95-B96D-87303A2CD9E1}"
EndProject
Project("{FAE04EC0-301F-11D3-BF4B-00C04F79EFBC}") = "SkillFramework", "..\Common\Services\SkillFramework\SkillFramework.csproj", "{6BD2238C-1E9D-4A21-A954-AAC90B7E0965}"
EndProject
Project("{FAE04EC0-301F-11D3-BF4B-00C04F79EFBC}") = "ConfigurationStoreService", "..\Common\Services\ConfigurationStoreService\ConfigurationStoreService.csproj", "{E8E78204-3DC0-47FC-9680-6C4031088C9A}"
EndProject
Project("{FAE04EC0-301F-11D3-BF4B-00C04F79EFBC}") = "ConversationStoreService", "..\Common\Services\ConversationStoreService\ConversationStoreService.csproj", "{821810E2-ACD4-4C1D-A431-C3313302167C}"
EndProject
Project("{FAE04EC0-301F-11D3-BF4B-00C04F79EFBC}") = "StatusNotifierService", "..\Common\Services\StatusNotifierService\StatusNotifierService.csproj", "{33B83AA0-72DE-4F53-A24C-CAE1019B12B6}"
EndProject
Global
	GlobalSection(SolutionConfigurationPlatforms) = preSolution
		Debug|Any CPU = Debug|Any CPU
		Debug|x64 = Debug|x64
		Debug|x86 = Debug|x86
		Release|Any CPU = Release|Any CPU
		Release|x64 = Release|x64
		Release|x86 = Release|x86
	EndGlobalSection
	GlobalSection(ProjectConfigurationPlatforms) = postSolution
		{94975981-AC72-4A0A-B89A-6CE509A84111}.Debug|Any CPU.ActiveCfg = Debug|Any CPU
		{94975981-AC72-4A0A-B89A-6CE509A84111}.Debug|Any CPU.Build.0 = Debug|Any CPU
		{94975981-AC72-4A0A-B89A-6CE509A84111}.Debug|x64.ActiveCfg = Debug|Any CPU
		{94975981-AC72-4A0A-B89A-6CE509A84111}.Debug|x64.Build.0 = Debug|Any CPU
		{94975981-AC72-4A0A-B89A-6CE509A84111}.Debug|x86.ActiveCfg = Debug|Any CPU
		{94975981-AC72-4A0A-B89A-6CE509A84111}.Debug|x86.Build.0 = Debug|Any CPU
		{94975981-AC72-4A0A-B89A-6CE509A84111}.Release|Any CPU.ActiveCfg = Release|Any CPU
		{94975981-AC72-4A0A-B89A-6CE509A84111}.Release|Any CPU.Build.0 = Release|Any CPU
		{94975981-AC72-4A0A-B89A-6CE509A84111}.Release|x64.ActiveCfg = Release|Any CPU
		{94975981-AC72-4A0A-B89A-6CE509A84111}.Release|x64.Build.0 = Release|Any CPU
		{94975981-AC72-4A0A-B89A-6CE509A84111}.Release|x86.ActiveCfg = Release|Any CPU
		{94975981-AC72-4A0A-B89A-6CE509A84111}.Release|x86.Build.0 = Release|Any CPU
		{41032C8B-B4A2-4037-9CFC-9812D67534FC}.Debug|Any CPU.ActiveCfg = Debug|Any CPU
		{41032C8B-B4A2-4037-9CFC-9812D67534FC}.Debug|Any CPU.Build.0 = Debug|Any CPU
		{41032C8B-B4A2-4037-9CFC-9812D67534FC}.Debug|x64.ActiveCfg = Debug|Any CPU
		{41032C8B-B4A2-4037-9CFC-9812D67534FC}.Debug|x64.Build.0 = Debug|Any CPU
		{41032C8B-B4A2-4037-9CFC-9812D67534FC}.Debug|x86.ActiveCfg = Debug|Any CPU
		{41032C8B-B4A2-4037-9CFC-9812D67534FC}.Debug|x86.Build.0 = Debug|Any CPU
		{41032C8B-B4A2-4037-9CFC-9812D67534FC}.Release|Any CPU.ActiveCfg = Release|Any CPU
		{41032C8B-B4A2-4037-9CFC-9812D67534FC}.Release|Any CPU.Build.0 = Release|Any CPU
		{41032C8B-B4A2-4037-9CFC-9812D67534FC}.Release|x64.ActiveCfg = Release|Any CPU
		{41032C8B-B4A2-4037-9CFC-9812D67534FC}.Release|x64.Build.0 = Release|Any CPU
		{41032C8B-B4A2-4037-9CFC-9812D67534FC}.Release|x86.ActiveCfg = Release|Any CPU
		{41032C8B-B4A2-4037-9CFC-9812D67534FC}.Release|x86.Build.0 = Release|Any CPU
		{0AE4ED61-6A4A-461A-91BE-616F2D3C81D7}.Debug|Any CPU.ActiveCfg = Debug|Any CPU
		{0AE4ED61-6A4A-461A-91BE-616F2D3C81D7}.Debug|Any CPU.Build.0 = Debug|Any CPU
		{0AE4ED61-6A4A-461A-91BE-616F2D3C81D7}.Debug|x64.ActiveCfg = Debug|Any CPU
		{0AE4ED61-6A4A-461A-91BE-616F2D3C81D7}.Debug|x64.Build.0 = Debug|Any CPU
		{0AE4ED61-6A4A-461A-91BE-616F2D3C81D7}.Debug|x86.ActiveCfg = Debug|Any CPU
		{0AE4ED61-6A4A-461A-91BE-616F2D3C81D7}.Debug|x86.Build.0 = Debug|Any CPU
		{0AE4ED61-6A4A-461A-91BE-616F2D3C81D7}.Release|Any CPU.ActiveCfg = Release|Any CPU
		{0AE4ED61-6A4A-461A-91BE-616F2D3C81D7}.Release|Any CPU.Build.0 = Release|Any CPU
		{0AE4ED61-6A4A-461A-91BE-616F2D3C81D7}.Release|x64.ActiveCfg = Release|Any CPU
		{0AE4ED61-6A4A-461A-91BE-616F2D3C81D7}.Release|x64.Build.0 = Release|Any CPU
		{0AE4ED61-6A4A-461A-91BE-616F2D3C81D7}.Release|x86.ActiveCfg = Release|Any CPU
		{0AE4ED61-6A4A-461A-91BE-616F2D3C81D7}.Release|x86.Build.0 = Release|Any CPU
		{F18A8B7A-92C0-45BD-8837-1B76F355FC8D}.Debug|Any CPU.ActiveCfg = Debug|Any CPU
		{F18A8B7A-92C0-45BD-8837-1B76F355FC8D}.Debug|Any CPU.Build.0 = Debug|Any CPU
		{F18A8B7A-92C0-45BD-8837-1B76F355FC8D}.Debug|x64.ActiveCfg = Debug|Any CPU
		{F18A8B7A-92C0-45BD-8837-1B76F355FC8D}.Debug|x64.Build.0 = Debug|Any CPU
		{F18A8B7A-92C0-45BD-8837-1B76F355FC8D}.Debug|x86.ActiveCfg = Debug|Any CPU
		{F18A8B7A-92C0-45BD-8837-1B76F355FC8D}.Debug|x86.Build.0 = Debug|Any CPU
		{F18A8B7A-92C0-45BD-8837-1B76F355FC8D}.Release|Any CPU.ActiveCfg = Release|Any CPU
		{F18A8B7A-92C0-45BD-8837-1B76F355FC8D}.Release|Any CPU.Build.0 = Release|Any CPU
		{F18A8B7A-92C0-45BD-8837-1B76F355FC8D}.Release|x64.ActiveCfg = Release|Any CPU
		{F18A8B7A-92C0-45BD-8837-1B76F355FC8D}.Release|x64.Build.0 = Release|Any CPU
		{F18A8B7A-92C0-45BD-8837-1B76F355FC8D}.Release|x86.ActiveCfg = Release|Any CPU
		{F18A8B7A-92C0-45BD-8837-1B76F355FC8D}.Release|x86.Build.0 = Release|Any CPU
		{F4A74AE8-9F79-4E95-B96D-87303A2CD9E1}.Debug|Any CPU.ActiveCfg = Debug|Any CPU
		{F4A74AE8-9F79-4E95-B96D-87303A2CD9E1}.Debug|Any CPU.Build.0 = Debug|Any CPU
		{F4A74AE8-9F79-4E95-B96D-87303A2CD9E1}.Debug|x64.ActiveCfg = Debug|Any CPU
		{F4A74AE8-9F79-4E95-B96D-87303A2CD9E1}.Debug|x64.Build.0 = Debug|Any CPU
		{F4A74AE8-9F79-4E95-B96D-87303A2CD9E1}.Debug|x86.ActiveCfg = Debug|Any CPU
		{F4A74AE8-9F79-4E95-B96D-87303A2CD9E1}.Debug|x86.Build.0 = Debug|Any CPU
		{F4A74AE8-9F79-4E95-B96D-87303A2CD9E1}.Release|Any CPU.ActiveCfg = Release|Any CPU
		{F4A74AE8-9F79-4E95-B96D-87303A2CD9E1}.Release|Any CPU.Build.0 = Release|Any CPU
		{F4A74AE8-9F79-4E95-B96D-87303A2CD9E1}.Release|x64.ActiveCfg = Release|Any CPU
		{F4A74AE8-9F79-4E95-B96D-87303A2CD9E1}.Release|x64.Build.0 = Release|Any CPU
		{F4A74AE8-9F79-4E95-B96D-87303A2CD9E1}.Release|x86.ActiveCfg = Release|Any CPU
		{F4A74AE8-9F79-4E95-B96D-87303A2CD9E1}.Release|x86.Build.0 = Release|Any CPU
		{6BD2238C-1E9D-4A21-A954-AAC90B7E0965}.Debug|Any CPU.ActiveCfg = Debug|Any CPU
		{6BD2238C-1E9D-4A21-A954-AAC90B7E0965}.Debug|Any CPU.Build.0 = Debug|Any CPU
		{6BD2238C-1E9D-4A21-A954-AAC90B7E0965}.Debug|x64.ActiveCfg = Debug|Any CPU
		{6BD2238C-1E9D-4A21-A954-AAC90B7E0965}.Debug|x64.Build.0 = Debug|Any CPU
		{6BD2238C-1E9D-4A21-A954-AAC90B7E0965}.Debug|x86.ActiveCfg = Debug|Any CPU
		{6BD2238C-1E9D-4A21-A954-AAC90B7E0965}.Debug|x86.Build.0 = Debug|Any CPU
		{6BD2238C-1E9D-4A21-A954-AAC90B7E0965}.Release|Any CPU.ActiveCfg = Release|Any CPU
		{6BD2238C-1E9D-4A21-A954-AAC90B7E0965}.Release|Any CPU.Build.0 = Release|Any CPU
		{6BD2238C-1E9D-4A21-A954-AAC90B7E0965}.Release|x64.ActiveCfg = Release|Any CPU
		{6BD2238C-1E9D-4A21-A954-AAC90B7E0965}.Release|x64.Build.0 = Release|Any CPU
		{6BD2238C-1E9D-4A21-A954-AAC90B7E0965}.Release|x86.ActiveCfg = Release|Any CPU
		{6BD2238C-1E9D-4A21-A954-AAC90B7E0965}.Release|x86.Build.0 = Release|Any CPU
		{E8E78204-3DC0-47FC-9680-6C4031088C9A}.Debug|Any CPU.ActiveCfg = Debug|Any CPU
		{E8E78204-3DC0-47FC-9680-6C4031088C9A}.Debug|Any CPU.Build.0 = Debug|Any CPU
		{E8E78204-3DC0-47FC-9680-6C4031088C9A}.Debug|x64.ActiveCfg = Debug|Any CPU
		{E8E78204-3DC0-47FC-9680-6C4031088C9A}.Debug|x64.Build.0 = Debug|Any CPU
		{E8E78204-3DC0-47FC-9680-6C4031088C9A}.Debug|x86.ActiveCfg = Debug|Any CPU
		{E8E78204-3DC0-47FC-9680-6C4031088C9A}.Debug|x86.Build.0 = Debug|Any CPU
		{E8E78204-3DC0-47FC-9680-6C4031088C9A}.Release|Any CPU.ActiveCfg = Release|Any CPU
		{E8E78204-3DC0-47FC-9680-6C4031088C9A}.Release|Any CPU.Build.0 = Release|Any CPU
		{E8E78204-3DC0-47FC-9680-6C4031088C9A}.Release|x64.ActiveCfg = Release|Any CPU
		{E8E78204-3DC0-47FC-9680-6C4031088C9A}.Release|x64.Build.0 = Release|Any CPU
		{E8E78204-3DC0-47FC-9680-6C4031088C9A}.Release|x86.ActiveCfg = Release|Any CPU
		{E8E78204-3DC0-47FC-9680-6C4031088C9A}.Release|x86.Build.0 = Release|Any CPU
		{821810E2-ACD4-4C1D-A431-C3313302167C}.Debug|Any CPU.ActiveCfg = Debug|Any CPU
		{821810E2-ACD4-4C1D-A431-C3313302167C}.Debug|Any CPU.Build.0 = Debug|Any CPU
		{821810E2-ACD4-4C1D-A431-C3313302167C}.Debug|x64.ActiveCfg = Debug|Any CPU
		{821810E2-ACD4-4C1D-A431-C3313302167C}.Debug|x64.Build.0 = Debug|Any CPU
		{821810E2-ACD4-4C1D-A431-C3313302167C}.Debug|x86.ActiveCfg = Debug|Any CPU
		{821810E2-ACD4-4C1D-A431-C3313302167C}.Debug|x86.Build.0 = Debug|Any CPU
		{821810E2-ACD4-4C1D-A431-C3313302167C}.Release|Any CPU.ActiveCfg = Release|Any CPU
		{821810E2-ACD4-4C1D-A431-C3313302167C}.Release|Any CPU.Build.0 = Release|Any CPU
		{821810E2-ACD4-4C1D-A431-C3313302167C}.Release|x64.ActiveCfg = Release|Any CPU
		{821810E2-ACD4-4C1D-A431-C3313302167C}.Release|x64.Build.0 = Release|Any CPU
		{821810E2-ACD4-4C1D-A431-C3313302167C}.Release|x86.ActiveCfg = Release|Any CPU
		{821810E2-ACD4-4C1D-A431-C3313302167C}.Release|x86.Build.0 = Release|Any CPU
		{33B83AA0-72DE-4F53-A24C-CAE1019B12B6}.Debug|Any CPU.ActiveCfg = Debug|Any CPU
		{33B83AA0-72DE-4F53-A24C-CAE1019B12B6}.Debug|Any CPU.Build.0 = Debug|Any CPU
		{33B83AA0-72DE-4F53-A24C-CAE1019B12B6}.Debug|x64.ActiveCfg = Debug|Any CPU
		{33B83AA0-72DE-4F53-A24C-CAE1019B12B6}.Debug|x64.Build.0 = Debug|Any CPU
		{33B83AA0-72DE-4F53-A24C-CAE1019B12B6}.Debug|x86.ActiveCfg = Debug|Any CPU
		{33B83AA0-72DE-4F53-A24C-CAE1019B12B6}.Debug|x86.Build.0 = Debug|Any CPU
		{33B83AA0-72DE-4F53-A24C-CAE1019B12B6}.Release|Any CPU.ActiveCfg = Release|Any CPU
		{33B83AA0-72DE-4F53-A24C-CAE1019B12B6}.Release|Any CPU.Build.0 = Release|Any CPU
		{33B83AA0-72DE-4F53-A24C-CAE1019B12B6}.Release|x64.ActiveCfg = Release|Any CPU
		{33B83AA0-72DE-4F53-A24C-CAE1019B12B6}.Release|x64.Build.0 = Release|Any CPU
		{33B83AA0-72DE-4F53-A24C-CAE1019B12B6}.Release|x86.ActiveCfg = Release|Any CPU
		{33B83AA0-72DE-4F53-A24C-CAE1019B12B6}.Release|x86.Build.0 = Release|Any CPU
	EndGlobalSection
	GlobalSection(SolutionProperties) = preSolution
		HideSolutionNode = FALSE
	EndGlobalSection
	GlobalSection(ExtensibilityGlobals) = postSolution
		SolutionGuid = {94161F45-2BF1-4599-918B-1D4EECE75E13}
	EndGlobalSection
EndGlobal
